
Microsoft Visual Studio Solution File, Format Version 12.00
# Visual Studio Version 17
VisualStudioVersion = 17.2.32602.215
MinimumVisualStudioVersion = 10.0.40219.1
Project("{FAE04EC0-301F-11D3-BF4B-00C04F79EFBC}") = "ContactsAPI", "ContactsAPI.csproj", "{C330E8D4-D8F3-474D-9320-7113B73B3BC2}"
EndProject
Global
	GlobalSection(SolutionConfigurationPlatforms) = preSolution
		Debug|Any CPU = Debug|Any CPU
		Release|Any CPU = Release|Any CPU
	EndGlobalSection
	GlobalSection(ProjectConfigurationPlatforms) = postSolution
		{C330E8D4-D8F3-474D-9320-7113B73B3BC2}.Debug|Any CPU.ActiveCfg = Debug|Any CPU
		{C330E8D4-D8F3-474D-9320-7113B73B3BC2}.Debug|Any CPU.Build.0 = Debug|Any CPU
		{C330E8D4-D8F3-474D-9320-7113B73B3BC2}.Release|Any CPU.ActiveCfg = Release|Any CPU
		{C330E8D4-D8F3-474D-9320-7113B73B3BC2}.Release|Any CPU.Build.0 = Release|Any CPU
	EndGlobalSection
	GlobalSection(SolutionProperties) = preSolution
		HideSolutionNode = FALSE
	EndGlobalSection
	GlobalSection(ExtensibilityGlobals) = postSolution
		SolutionGuid = {3C9DE1F3-0363-4027-A1CF-D0C698D59A76}
	EndGlobalSection
EndGlobal
